
Microsoft Visual Studio Solution File, Format Version 12.00
# Visual Studio 15
VisualStudioVersion = 15.0.28307.168
MinimumVisualStudioVersion = 10.0.40219.1
Project("{FAE04EC0-301F-11D3-BF4B-00C04F79EFBC}") = "XamConfigManager.Android", "XamConfigManager\XamConfigManager.Android\XamConfigManager.Android.csproj", "{137077C5-3A5D-4BB4-B81C-37011071838D}"
EndProject
Project("{FAE04EC0-301F-11D3-BF4B-00C04F79EFBC}") = "XamConfigManager.iOS", "XamConfigManager\XamConfigManager.iOS\XamConfigManager.iOS.csproj", "{0E8A49BD-5F6C-4627-AA39-32544C67DAF9}"
EndProject
Project("{FAE04EC0-301F-11D3-BF4B-00C04F79EFBC}") = "XamConfigManager", "XamConfigManager\XamConfigManager\XamConfigManager.csproj", "{12EB05BE-FC35-4E4E-8E98-D875377CCC67}"
EndProject
Global
	GlobalSection(SolutionConfigurationPlatforms) = preSolution
		Ad-Hoc|Any CPU = Ad-Hoc|Any CPU
		Ad-Hoc|iPhone = Ad-Hoc|iPhone
		Ad-Hoc|iPhoneSimulator = Ad-Hoc|iPhoneSimulator
		AppStore|Any CPU = AppStore|Any CPU
		AppStore|iPhone = AppStore|iPhone
		AppStore|iPhoneSimulator = AppStore|iPhoneSimulator
		Debug|Any CPU = Debug|Any CPU
		Debug|iPhone = Debug|iPhone
		Debug|iPhoneSimulator = Debug|iPhoneSimulator
		Release|Any CPU = Release|Any CPU
		Release|iPhone = Release|iPhone
		Release|iPhoneSimulator = Release|iPhoneSimulator
	EndGlobalSection
	GlobalSection(ProjectConfigurationPlatforms) = postSolution
		{137077C5-3A5D-4BB4-B81C-37011071838D}.Ad-Hoc|Any CPU.ActiveCfg = Release|Any CPU
		{137077C5-3A5D-4BB4-B81C-37011071838D}.Ad-Hoc|Any CPU.Build.0 = Release|Any CPU
		{137077C5-3A5D-4BB4-B81C-37011071838D}.Ad-Hoc|Any CPU.Deploy.0 = Release|Any CPU
		{137077C5-3A5D-4BB4-B81C-37011071838D}.Ad-Hoc|iPhone.ActiveCfg = Release|Any CPU
		{137077C5-3A5D-4BB4-B81C-37011071838D}.Ad-Hoc|iPhone.Build.0 = Release|Any CPU
		{137077C5-3A5D-4BB4-B81C-37011071838D}.Ad-Hoc|iPhone.Deploy.0 = Release|Any CPU
		{137077C5-3A5D-4BB4-B81C-37011071838D}.Ad-Hoc|iPhoneSimulator.ActiveCfg = Release|Any CPU
		{137077C5-3A5D-4BB4-B81C-37011071838D}.Ad-Hoc|iPhoneSimulator.Build.0 = Release|Any CPU
		{137077C5-3A5D-4BB4-B81C-37011071838D}.Ad-Hoc|iPhoneSimulator.Deploy.0 = Release|Any CPU
		{137077C5-3A5D-4BB4-B81C-37011071838D}.AppStore|Any CPU.ActiveCfg = Release|Any CPU
		{137077C5-3A5D-4BB4-B81C-37011071838D}.AppStore|Any CPU.Build.0 = Release|Any CPU
		{137077C5-3A5D-4BB4-B81C-37011071838D}.AppStore|Any CPU.Deploy.0 = Release|Any CPU
		{137077C5-3A5D-4BB4-B81C-37011071838D}.AppStore|iPhone.ActiveCfg = Release|Any CPU
		{137077C5-3A5D-4BB4-B81C-37011071838D}.AppStore|iPhone.Build.0 = Release|Any CPU
		{137077C5-3A5D-4BB4-B81C-37011071838D}.AppStore|iPhone.Deploy.0 = Release|Any CPU
		{137077C5-3A5D-4BB4-B81C-37011071838D}.AppStore|iPhoneSimulator.ActiveCfg = Release|Any CPU
		{137077C5-3A5D-4BB4-B81C-37011071838D}.AppStore|iPhoneSimulator.Build.0 = Release|Any CPU
		{137077C5-3A5D-4BB4-B81C-37011071838D}.AppStore|iPhoneSimulator.Deploy.0 = Release|Any CPU
		{137077C5-3A5D-4BB4-B81C-37011071838D}.Debug|Any CPU.ActiveCfg = Debug|Any CPU
		{137077C5-3A5D-4BB4-B81C-37011071838D}.Debug|Any CPU.Build.0 = Debug|Any CPU
		{137077C5-3A5D-4BB4-B81C-37011071838D}.Debug|Any CPU.Deploy.0 = Debug|Any CPU
		{137077C5-3A5D-4BB4-B81C-37011071838D}.Debug|iPhone.ActiveCfg = Debug|Any CPU
		{137077C5-3A5D-4BB4-B81C-37011071838D}.Debug|iPhone.Build.0 = Debug|Any CPU
		{137077C5-3A5D-4BB4-B81C-37011071838D}.Debug|iPhone.Deploy.0 = Debug|Any CPU
		{137077C5-3A5D-4BB4-B81C-37011071838D}.Debug|iPhoneSimulator.ActiveCfg = Debug|Any CPU
		{137077C5-3A5D-4BB4-B81C-37011071838D}.Debug|iPhoneSimulator.Build.0 = Debug|Any CPU
		{137077C5-3A5D-4BB4-B81C-37011071838D}.Debug|iPhoneSimulator.Deploy.0 = Debug|Any CPU
		{137077C5-3A5D-4BB4-B81C-37011071838D}.Release|Any CPU.ActiveCfg = Release|Any CPU
		{137077C5-3A5D-4BB4-B81C-37011071838D}.Release|Any CPU.Build.0 = Release|Any CPU
		{137077C5-3A5D-4BB4-B81C-37011071838D}.Release|Any CPU.Deploy.0 = Release|Any CPU
		{137077C5-3A5D-4BB4-B81C-37011071838D}.Release|iPhone.ActiveCfg = Release|Any CPU
		{137077C5-3A5D-4BB4-B81C-37011071838D}.Release|iPhone.Build.0 = Release|Any CPU
		{137077C5-3A5D-4BB4-B81C-37011071838D}.Release|iPhone.Deploy.0 = Release|Any CPU
		{137077C5-3A5D-4BB4-B81C-37011071838D}.Release|iPhoneSimulator.ActiveCfg = Release|Any CPU
		{137077C5-3A5D-4BB4-B81C-37011071838D}.Release|iPhoneSimulator.Build.0 = Release|Any CPU
		{137077C5-3A5D-4BB4-B81C-37011071838D}.Release|iPhoneSimulator.Deploy.0 = Release|Any CPU
		{0E8A49BD-5F6C-4627-AA39-32544C67DAF9}.Ad-Hoc|Any CPU.ActiveCfg = Ad-Hoc|iPhone
		{0E8A49BD-5F6C-4627-AA39-32544C67DAF9}.Ad-Hoc|Any CPU.Build.0 = Ad-Hoc|iPhone
		{0E8A49BD-5F6C-4627-AA39-32544C67DAF9}.Ad-Hoc|Any CPU.Deploy.0 = Ad-Hoc|iPhone
		{0E8A49BD-5F6C-4627-AA39-32544C67DAF9}.Ad-Hoc|iPhone.ActiveCfg = Ad-Hoc|iPhone
		{0E8A49BD-5F6C-4627-AA39-32544C67DAF9}.Ad-Hoc|iPhone.Build.0 = Ad-Hoc|iPhone
		{0E8A49BD-5F6C-4627-AA39-32544C67DAF9}.Ad-Hoc|iPhone.Deploy.0 = Ad-Hoc|iPhone
		{0E8A49BD-5F6C-4627-AA39-32544C67DAF9}.Ad-Hoc|iPhoneSimulator.ActiveCfg = Ad-Hoc|iPhoneSimulator
		{0E8A49BD-5F6C-4627-AA39-32544C67DAF9}.Ad-Hoc|iPhoneSimulator.Build.0 = Ad-Hoc|iPhoneSimulator
		{0E8A49BD-5F6C-4627-AA39-32544C67DAF9}.Ad-Hoc|iPhoneSimulator.Deploy.0 = Ad-Hoc|iPhoneSimulator
		{0E8A49BD-5F6C-4627-AA39-32544C67DAF9}.AppStore|Any CPU.ActiveCfg = AppStore|iPhone
		{0E8A49BD-5F6C-4627-AA39-32544C67DAF9}.AppStore|Any CPU.Build.0 = AppStore|iPhone
		{0E8A49BD-5F6C-4627-AA39-32544C67DAF9}.AppStore|Any CPU.Deploy.0 = AppStore|iPhone
		{0E8A49BD-5F6C-4627-AA39-32544C67DAF9}.AppStore|iPhone.ActiveCfg = AppStore|iPhone
		{0E8A49BD-5F6C-4627-AA39-32544C67DAF9}.AppStore|iPhone.Build.0 = AppStore|iPhone
		{0E8A49BD-5F6C-4627-AA39-32544C67DAF9}.AppStore|iPhone.Deploy.0 = AppStore|iPhone
		{0E8A49BD-5F6C-4627-AA39-32544C67DAF9}.AppStore|iPhoneSimulator.ActiveCfg = AppStore|iPhoneSimulator
		{0E8A49BD-5F6C-4627-AA39-32544C67DAF9}.AppStore|iPhoneSimulator.Build.0 = AppStore|iPhoneSimulator
		{0E8A49BD-5F6C-4627-AA39-32544C67DAF9}.AppStore|iPhoneSimulator.Deploy.0 = AppStore|iPhoneSimulator
		{0E8A49BD-5F6C-4627-AA39-32544C67DAF9}.Debug|Any CPU.ActiveCfg = Debug|iPhoneSimulator
		{0E8A49BD-5F6C-4627-AA39-32544C67DAF9}.Debug|Any CPU.Build.0 = Debug|iPhoneSimulator
		{0E8A49BD-5F6C-4627-AA39-32544C67DAF9}.Debug|Any CPU.Deploy.0 = Debug|iPhoneSimulator
		{0E8A49BD-5F6C-4627-AA39-32544C67DAF9}.Debug|iPhone.ActiveCfg = Debug|iPhone
		{0E8A49BD-5F6C-4627-AA39-32544C67DAF9}.Debug|iPhone.Build.0 = Debug|iPhone
		{0E8A49BD-5F6C-4627-AA39-32544C67DAF9}.Debug|iPhone.Deploy.0 = Debug|iPhone
		{0E8A49BD-5F6C-4627-AA39-32544C67DAF9}.Debug|iPhoneSimulator.ActiveCfg = Debug|iPhoneSimulator
		{0E8A49BD-5F6C-4627-AA39-32544C67DAF9}.Debug|iPhoneSimulator.Build.0 = Debug|iPhoneSimulator
		{0E8A49BD-5F6C-4627-AA39-32544C67DAF9}.Debug|iPhoneSimulator.Deploy.0 = Debug|iPhoneSimulator
		{0E8A49BD-5F6C-4627-AA39-32544C67DAF9}.Release|Any CPU.ActiveCfg = Release|iPhone
		{0E8A49BD-5F6C-4627-AA39-32544C67DAF9}.Release|Any CPU.Build.0 = Release|iPhone
		{0E8A49BD-5F6C-4627-AA39-32544C67DAF9}.Release|Any CPU.Deploy.0 = Release|iPhone
		{0E8A49BD-5F6C-4627-AA39-32544C67DAF9}.Release|iPhone.ActiveCfg = Release|iPhone
		{0E8A49BD-5F6C-4627-AA39-32544C67DAF9}.Release|iPhone.Build.0 = Release|iPhone
		{0E8A49BD-5F6C-4627-AA39-32544C67DAF9}.Release|iPhone.Deploy.0 = Release|iPhone
		{0E8A49BD-5F6C-4627-AA39-32544C67DAF9}.Release|iPhoneSimulator.ActiveCfg = Release|iPhoneSimulator
		{0E8A49BD-5F6C-4627-AA39-32544C67DAF9}.Release|iPhoneSimulator.Build.0 = Release|iPhoneSimulator
		{0E8A49BD-5F6C-4627-AA39-32544C67DAF9}.Release|iPhoneSimulator.Deploy.0 = Release|iPhoneSimulator
		{12EB05BE-FC35-4E4E-8E98-D875377CCC67}.Ad-Hoc|Any CPU.ActiveCfg = Debug|Any CPU
		{12EB05BE-FC35-4E4E-8E98-D875377CCC67}.Ad-Hoc|Any CPU.Build.0 = Debug|Any CPU
		{12EB05BE-FC35-4E4E-8E98-D875377CCC67}.Ad-Hoc|Any CPU.Deploy.0 = Debug|Any CPU
		{12EB05BE-FC35-4E4E-8E98-D875377CCC67}.Ad-Hoc|iPhone.ActiveCfg = Debug|Any CPU
		{12EB05BE-FC35-4E4E-8E98-D875377CCC67}.Ad-Hoc|iPhone.Build.0 = Debug|Any CPU
		{12EB05BE-FC35-4E4E-8E98-D875377CCC67}.Ad-Hoc|iPhone.Deploy.0 = Debug|Any CPU
		{12EB05BE-FC35-4E4E-8E98-D875377CCC67}.Ad-Hoc|iPhoneSimulator.ActiveCfg = Debug|Any CPU
		{12EB05BE-FC35-4E4E-8E98-D875377CCC67}.Ad-Hoc|iPhoneSimulator.Build.0 = Debug|Any CPU
		{12EB05BE-FC35-4E4E-8E98-D875377CCC67}.Ad-Hoc|iPhoneSimulator.Deploy.0 = Debug|Any CPU
		{12EB05BE-FC35-4E4E-8E98-D875377CCC67}.AppStore|Any CPU.ActiveCfg = Debug|Any CPU
		{12EB05BE-FC35-4E4E-8E98-D875377CCC67}.AppStore|Any CPU.Build.0 = Debug|Any CPU
		{12EB05BE-FC35-4E4E-8E98-D875377CCC67}.AppStore|Any CPU.Deploy.0 = Debug|Any CPU
		{12EB05BE-FC35-4E4E-8E98-D875377CCC67}.AppStore|iPhone.ActiveCfg = Debug|Any CPU
		{12EB05BE-FC35-4E4E-8E98-D875377CCC67}.AppStore|iPhone.Build.0 = Debug|Any CPU
		{12EB05BE-FC35-4E4E-8E98-D875377CCC67}.AppStore|iPhone.Deploy.0 = Debug|Any CPU
		{12EB05BE-FC35-4E4E-8E98-D875377CCC67}.AppStore|iPhoneSimulator.ActiveCfg = Debug|Any CPU
		{12EB05BE-FC35-4E4E-8E98-D875377CCC67}.AppStore|iPhoneSimulator.Build.0 = Debug|Any CPU
		{12EB05BE-FC35-4E4E-8E98-D875377CCC67}.AppStore|iPhoneSimulator.Deploy.0 = Debug|Any CPU
		{12EB05BE-FC35-4E4E-8E98-D875377CCC67}.Debug|Any CPU.ActiveCfg = Debug|Any CPU
		{12EB05BE-FC35-4E4E-8E98-D875377CCC67}.Debug|Any CPU.Build.0 = Debug|Any CPU
		{12EB05BE-FC35-4E4E-8E98-D875377CCC67}.Debug|Any CPU.Deploy.0 = Debug|Any CPU
		{12EB05BE-FC35-4E4E-8E98-D875377CCC67}.Debug|iPhone.ActiveCfg = Debug|Any CPU
		{12EB05BE-FC35-4E4E-8E98-D875377CCC67}.Debug|iPhone.Build.0 = Debug|Any CPU
		{12EB05BE-FC35-4E4E-8E98-D875377CCC67}.Debug|iPhone.Deploy.0 = Debug|Any CPU
		{12EB05BE-FC35-4E4E-8E98-D875377CCC67}.Debug|iPhoneSimulator.ActiveCfg = Debug|Any CPU
		{12EB05BE-FC35-4E4E-8E98-D875377CCC67}.Debug|iPhoneSimulator.Build.0 = Debug|Any CPU
		{12EB05BE-FC35-4E4E-8E98-D875377CCC67}.Debug|iPhoneSimulator.Deploy.0 = Debug|Any CPU
		{12EB05BE-FC35-4E4E-8E98-D875377CCC67}.Release|Any CPU.ActiveCfg = Release|Any CPU
		{12EB05BE-FC35-4E4E-8E98-D875377CCC67}.Release|Any CPU.Build.0 = Release|Any CPU
		{12EB05BE-FC35-4E4E-8E98-D875377CCC67}.Release|Any CPU.Deploy.0 = Release|Any CPU
		{12EB05BE-FC35-4E4E-8E98-D875377CCC67}.Release|iPhone.ActiveCfg = Release|Any CPU
		{12EB05BE-FC35-4E4E-8E98-D875377CCC67}.Release|iPhone.Build.0 = Release|Any CPU
		{12EB05BE-FC35-4E4E-8E98-D875377CCC67}.Release|iPhone.Deploy.0 = Release|Any CPU
		{12EB05BE-FC35-4E4E-8E98-D875377CCC67}.Release|iPhoneSimulator.ActiveCfg = Release|Any CPU
		{12EB05BE-FC35-4E4E-8E98-D875377CCC67}.Release|iPhoneSimulator.Build.0 = Release|Any CPU
		{12EB05BE-FC35-4E4E-8E98-D875377CCC67}.Release|iPhoneSimulator.Deploy.0 = Release|Any CPU
	EndGlobalSection
	GlobalSection(SolutionProperties) = preSolution
		HideSolutionNode = FALSE
	EndGlobalSection
	GlobalSection(ExtensibilityGlobals) = postSolution
		SolutionGuid = {65C7640D-48D7-4409-87B8-C41E95B5AF2E}
	EndGlobalSection
EndGlobal
